// !$*UTF8*$!
{
	archiveVersion = 1;
	classes = {
	};
	objectVersion = 50;
	objects = {

/* Begin PBXBuildFile section */
		12670DBE267EFAFE00E0C98A /* AppDelegate.swift in Sources */ = {isa = PBXBuildFile; fileRef = 12670DBD267EFAFE00E0C98A /* AppDelegate.swift */; };
		12670DC0267EFAFE00E0C98A /* SceneDelegate.swift in Sources */ = {isa = PBXBuildFile; fileRef = 12670DBF267EFAFE00E0C98A /* SceneDelegate.swift */; };
		12670DC2267EFAFE00E0C98A /* ViewController.swift in Sources */ = {isa = PBXBuildFile; fileRef = 12670DC1267EFAFE00E0C98A /* ViewController.swift */; };
		12670DC5267EFAFE00E0C98A /* Main.storyboard in Resources */ = {isa = PBXBuildFile; fileRef = 12670DC3267EFAFE00E0C98A /* Main.storyboard */; };
		12670DC7267EFB0000E0C98A /* Assets.xcassets in Resources */ = {isa = PBXBuildFile; fileRef = 12670DC6267EFB0000E0C98A /* Assets.xcassets */; };
		12670DCA267EFB0000E0C98A /* LaunchScreen.storyboard in Resources */ = {isa = PBXBuildFile; fileRef = 12670DC8267EFB0000E0C98A /* LaunchScreen.storyboard */; };
/* End PBXBuildFile section */

/* Begin PBXFileReference section */
		12670DBA267EFAFE00E0C98A /* RamenTimer.app */ = {isa = PBXFileReference; explicitFileType = wrapper.application; includeInIndex = 0; path = RamenTimer.app; sourceTree = BUILT_PRODUCTS_DIR; };
		12670DBD267EFAFE00E0C98A /* AppDelegate.swift */ = {isa = PBXFileReference; lastKnownFileType = sourcecode.swift; path = AppDelegate.swift; sourceTree = "<group>"; };
		12670DBF267EFAFE00E0C98A /* SceneDelegate.swift */ = {isa = PBXFileReference; lastKnownFileType = sourcecode.swift; path = SceneDelegate.swift; sourceTree = "<group>"; };
		12670DC1267EFAFE00E0C98A /* ViewController.swift */ = {isa = PBXFileReference; lastKnownFileType = sourcecode.swift; path = ViewController.swift; sourceTree = "<group>"; };
		12670DC4267EFAFE00E0C98A /* Base */ = {isa = PBXFileReference; lastKnownFileType = file.storyboard; name = Base; path = Base.lproj/Main.storyboard; sourceTree = "<group>"; };
		12670DC6267EFB0000E0C98A /* Assets.xcassets */ = {isa = PBXFileReference; lastKnownFileType = folder.assetcatalog; path = Assets.xcassets; sourceTree = "<group>"; };
		12670DC9267EFB0000E0C98A /* Base */ = {isa = PBXFileReference; lastKnownFileType = file.storyboard; name = Base; path = Base.lproj/LaunchScreen.storyboard; sourceTree = "<group>"; };
		12670DCB267EFB0000E0C98A /* Info.plist */ = {isa = PBXFileReference; lastKnownFileType = text.plist.xml; path = Info.plist; sourceTree = "<group>"; };
/* End PBXFileReference section */

/* Begin PBXFrameworksBuildPhase section */
		12670DB7267EFAFE00E0C98A /* Frameworks */ = {
			isa = PBXFrameworksBuildPhase;
			buildActionMask = 2147483647;
			files = (
			);
			runOnlyForDeploymentPostprocessing = 0;
		};
/* End PBXFrameworksBuildPhase section */

/* Begin PBXGroup section */
		12670DB1267EFAFE00E0C98A = {
			isa = PBXGroup;
			children = (
				12670DBC267EFAFE00E0C98A /* RamenTimer */,
				12670DBB267EFAFE00E0C98A /* Products */,
			);
			sourceTree = "<group>";
		};
		12670DBB267EFAFE00E0C98A /* Products */ = {
			isa = PBXGroup;
			children = (
				12670DBA267EFAFE00E0C98A /* RamenTimer.app */,
			);
			name = Products;
			sourceTree = "<group>";
		};
		12670DBC267EFAFE00E0C98A /* RamenTimer */ = {
			isa = PBXGroup;
			children = (
				12670DBD267EFAFE00E0C98A /* AppDelegate.swift */,
				12670DBF267EFAFE00E0C98A /* SceneDelegate.swift */,
				12670DC1267EFAFE00E0C98A /* ViewController.swift */,
				12670DC3267EFAFE00E0C98A /* Main.storyboard */,
				12670DC6267EFB0000E0C98A /* Assets.xcassets */,
				12670DC8267EFB0000E0C98A /* LaunchScreen.storyboard */,
				12670DCB267EFB0000E0C98A /* Info.plist */,
			);
			path = RamenTimer;
			sourceTree = "<group>";
		};
/* End PBXGroup section */

/* Begin PBXNativeTarget section */
		12670DB9267EFAFE00E0C98A /* RamenTimer */ = {
			isa = PBXNativeTarget;
			buildConfigurationList = 12670DCE267EFB0000E0C98A /* Build configuration list for PBXNativeTarget "RamenTimer" */;
			buildPhases = (
				12670DB6267EFAFE00E0C98A /* Sources */,
				12670DB7267EFAFE00E0C98A /* Frameworks */,
				12670DB8267EFAFE00E0C98A /* Resources */,
			);
			buildRules = (
			);
			dependencies = (
			);
			name = RamenTimer;
			productName = RamenTimer;
			productReference = 12670DBA267EFAFE00E0C98A /* RamenTimer.app */;
			productType = "com.apple.product-type.application";
		};
/* End PBXNativeTarget section */

/* Begin PBXProject section */
		12670DB2267EFAFE00E0C98A /* Project object */ = {
			isa = PBXProject;
			attributes = {
				LastSwiftUpdateCheck = 1240;
				LastUpgradeCheck = 1240;
				TargetAttributes = {
					12670DB9267EFAFE00E0C98A = {
						CreatedOnToolsVersion = 12.4;
					};
				};
			};
			buildConfigurationList = 12670DB5267EFAFE00E0C98A /* Build configuration list for PBXProject "RamenTimer" */;
			compatibilityVersion = "Xcode 9.3";
			developmentRegion = en;
			hasScannedForEncodings = 0;
			knownRegions = (
				en,
				Base,
			);
			mainGroup = 12670DB1267EFAFE00E0C98A;
			productRefGroup = 12670DBB267EFAFE00E0C98A /* Products */;
			projectDirPath = "";
			projectRoot = "";
			targets = (
				12670DB9267EFAFE00E0C98A /* RamenTimer */,
			);
		};
/* End PBXProject section */

/* Begin PBXResourcesBuildPhase section */
		12670DB8267EFAFE00E0C98A /* Resources */ = {
			isa = PBXResourcesBuildPhase;
			buildActionMask = 2147483647;
			files = (
				12670DCA267EFB0000E0C98A /* LaunchScreen.storyboard in Resources */,
				12670DC7267EFB0000E0C98A /* Assets.xcassets in Resources */,
				12670DC5267EFAFE00E0C98A /* Main.storyboard in Resources */,
			);
			runOnlyForDeploymentPostprocessing = 0;
		};
/* End PBXResourcesBuildPhase section */

/* Begin PBXSourcesBuildPhase section */
		12670DB6267EFAFE00E0C98A /* Sources */ = {
			isa = PBXSourcesBuildPhase;
			buildActionMask = 2147483647;
			files = (
				12670DC2267EFAFE00E0C98A /* ViewController.swift in Sources */,
				12670DBE267EFAFE00E0C98A /* AppDelegate.swift in Sources */,
				12670DC0267EFAFE00E0C98A /* SceneDelegate.swift in Sources */,
			);
			runOnlyForDeploymentPostprocessing = 0;
		};
/* End PBXSourcesBuildPhase section */

/* Begin PBXVariantGroup section */
		12670DC3267EFAFE00E0C98A /* Main.storyboard */ = {
			isa = PBXVariantGroup;
			children = (
				12670DC4267EFAFE00E0C98A /* Base */,
			);
			name = Main.storyboard;
			sourceTree = "<group>";
		};
		12670DC8267EFB0000E0C98A /* LaunchScreen.storyboard */ = {
			isa = PBXVariantGroup;
			children = (
				12670DC9267EFB0000E0C98A /* Base */,
			);
			name = LaunchScreen.storyboard;
			sourceTree = "<group>";
		};
/* End PBXVariantGroup section */

/* Begin XCBuildConfiguration section */
		12670DCC267EFB0000E0C98A /* Debug */ = {
			isa = XCBuildConfiguration;
			buildSettings = {
				ALWAYS_SEARCH_USER_PATHS = NO;
				CLANG_ANALYZER_NONNULL = YES;
				CLANG_ANALYZER_NUMBER_OBJECT_CONVERSION = YES_AGGRESSIVE;
				CLANG_CXX_LANGUAGE_STANDARD = "gnu++14";
				CLANG_CXX_LIBRARY = "libc++";
				CLANG_ENABLE_MODULES = YES;
				CLANG_ENABLE_OBJC_ARC = YES;
				CLANG_ENABLE_OBJC_WEAK = YES;
				CLANG_WARN_BLOCK_CAPTURE_AUTORELEASING = YES;
				CLANG_WARN_BOOL_CONVERSION = YES;
				CLANG_WARN_COMMA = YES;
				CLANG_WARN_CONSTANT_CONVERSION = YES;
				CLANG_WARN_DEPRECATED_OBJC_IMPLEMENTATIONS = YES;
				CLANG_WARN_DIRECT_OBJC_ISA_USAGE = YES_ERROR;
				CLANG_WARN_DOCUMENTATION_COMMENTS = YES;
				CLANG_WARN_EMPTY_BODY = YES;
				CLANG_WARN_ENUM_CONVERSION = YES;
				CLANG_WARN_INFINITE_RECURSION = YES;
				CLANG_WARN_INT_CONVERSION = YES;
				CLANG_WARN_NON_LITERAL_NULL_CONVERSION = YES;
				CLANG_WARN_OBJC_IMPLICIT_RETAIN_SELF = YES;
				CLANG_WARN_OBJC_LITERAL_CONVERSION = YES;
				CLANG_WARN_OBJC_ROOT_CLASS = YES_ERROR;
				CLANG_WARN_QUOTED_INCLUDE_IN_FRAMEWORK_HEADER = YES;
				CLANG_WARN_RANGE_LOOP_ANALYSIS = YES;
				CLANG_WARN_STRICT_PROTOTYPES = YES;
				CLANG_WARN_SUSPICIOUS_MOVE = YES;
				CLANG_WARN_UNGUARDED_AVAILABILITY = YES_AGGRESSIVE;
				CLANG_WARN_UNREACHABLE_CODE = YES;
				CLANG_WARN__DUPLICATE_METHOD_MATCH = YES;
				COPY_PHASE_STRIP = NO;
				DEBUG_INFORMATION_FORMAT = dwarf;
				ENABLE_STRICT_OBJC_MSGSEND = YES;
				ENABLE_TESTABILITY = YES;
				GCC_C_LANGUAGE_STANDARD = gnu11;
				GCC_DYNAMIC_NO_PIC = NO;
				GCC_NO_COMMON_BLOCKS = YES;
				GCC_OPTIMIZATION_LEVEL = 0;
				GCC_PREPROCESSOR_DEFINITIONS = (
					"DEBUG=1",
					"$(inherited)",
				);
				GCC_WARN_64_TO_32_BIT_CONVERSION = YES;
				GCC_WARN_ABOUT_RETURN_TYPE = YES_ERROR;
				GCC_WARN_UNDECLARED_SELECTOR = YES;
				GCC_WARN_UNINITIALIZED_AUTOS = YES_AGGRESSIVE;
				GCC_WARN_UNUSED_FUNCTION = YES;
				GCC_WARN_UNUSED_VARIABLE = YES;
				IPHONEOS_DEPLOYMENT_TARGET = 14.4;
				MTL_ENABLE_DEBUG_INFO = INCLUDE_SOURCE;
				MTL_FAST_MATH = YES;
				ONLY_ACTIVE_ARCH = YES;
				SDKROOT = iphoneos;
				SWIFT_ACTIVE_COMPILATION_CONDITIONS = DEBUG;
				SWIFT_OPTIMIZATION_LEVEL = "-Onone";
			};
			name = Debug;
		};
		12670DCD267EFB0000E0C98A /* Release */ = {
			isa = XCBuildConfiguration;
			buildSettings = {
				ALWAYS_SEARCH_USER_PATHS = NO;
				CLANG_ANALYZER_NONNULL = YES;
				CLANG_ANALYZER_NUMBER_OBJECT_CONVERSION = YES_AGGRESSIVE;
				CLANG_CXX_LANGUAGE_STANDARD = "gnu++14";
				CLANG_CXX_LIBRARY = "libc++";
				CLANG_ENABLE_MODULES = YES;
				CLANG_ENABLE_OBJC_ARC = YES;
				CLANG_ENABLE_OBJC_WEAK = YES;
				CLANG_WARN_BLOCK_CAPTURE_AUTORELEASING = YES;
				CLANG_WARN_BOOL_CONVERSION = YES;
				CLANG_WARN_COMMA = YES;
				CLANG_WARN_CONSTANT_CONVERSION = YES;
				CLANG_WARN_DEPRECATED_OBJC_IMPLEMENTATIONS = YES;
				CLANG_WARN_DIRECT_OBJC_ISA_USAGE = YES_ERROR;
				CLANG_WARN_DOCUMENTATION_COMMENTS = YES;
				CLANG_WARN_EMPTY_BODY = YES;
				CLANG_WARN_ENUM_CONVERSION = YES;
				CLANG_WARN_INFINITE_RECURSION = YES;
				CLANG_WARN_INT_CONVERSION = YES;
				CLANG_WARN_NON_LITERAL_NULL_CONVERSION = YES;
				CLANG_WARN_OBJC_IMPLICIT_RETAIN_SELF = YES;
				CLANG_WARN_OBJC_LITERAL_CONVERSION = YES;
				CLANG_WARN_OBJC_ROOT_CLASS = YES_ERROR;
				CLANG_WARN_QUOTED_INCLUDE_IN_FRAMEWORK_HEADER = YES;
				CLANG_WARN_RANGE_LOOP_ANALYSIS = YES;
				CLANG_WARN_STRICT_PROTOTYPES = YES;
				CLANG_WARN_SUSPICIOUS_MOVE = YES;
				CLANG_WARN_UNGUARDED_AVAILABILITY = YES_AGGRESSIVE;
				CLANG_WARN_UNREACHABLE_CODE = YES;
				CLANG_WARN__DUPLICATE_METHOD_MATCH = YES;
				COPY_PHASE_STRIP = NO;
				DEBUG_INFORMATION_FORMAT = "dwarf-with-dsym";
				ENABLE_NS_ASSERTIONS = NO;
				ENABLE_STRICT_OBJC_MSGSEND = YES;
				GCC_C_LANGUAGE_STANDARD = gnu11;
				GCC_NO_COMMON_BLOCKS = YES;
				GCC_WARN_64_TO_32_BIT_CONVERSION = YES;
				GCC_WARN_ABOUT_RETURN_TYPE = YES_ERROR;
				GCC_WARN_UNDECLARED_SELECTOR = YES;
				GCC_WARN_UNINITIALIZED_AUTOS = YES_AGGRESSIVE;
				GCC_WARN_UNUSED_FUNCTION = YES;
				GCC_WARN_UNUSED_VARIABLE = YES;
				IPHONEOS_DEPLOYMENT_TARGET = 14.4;
				MTL_ENABLE_DEBUG_INFO = NO;
				MTL_FAST_MATH = YES;
				SDKROOT = iphoneos;
				SWIFT_COMPILATION_MODE = wholemodule;
				SWIFT_OPTIMIZATION_LEVEL = "-O";
				VALIDATE_PRODUCT = YES;
			};
			name = Release;
		};
		12670DCF267EFB0000E0C98A /* Debug */ = {
			isa = XCBuildConfiguration;
			buildSettings = {
				ASSETCATALOG_COMPILER_APPICON_NAME = AppIcon;
				ASSETCATALOG_COMPILER_GLOBAL_ACCENT_COLOR_NAME = AccentColor;
				CODE_SIGN_STYLE = Automatic;
				INFOPLIST_FILE = RamenTimer/Info.plist;
				LD_RUNPATH_SEARCH_PATHS = (
					"$(inherited)",
					"@executable_path/Frameworks",
				);
				PRODUCT_BUNDLE_IDENTIFIER = son.RamenTimer;
				PRODUCT_NAME = "$(TARGET_NAME)";
				SWIFT_VERSION = 5.0;
				TARGETED_DEVICE_FAMILY = "1,2";
			};
			name = Debug;
		};
		12670DD0267EFB0000E0C98A /* Release */ = {
			isa = XCBuildConfiguration;
			buildSettings = {
				ASSETCATALOG_COMPILER_APPICON_NAME = AppIcon;
				ASSETCATALOG_COMPILER_GLOBAL_ACCENT_COLOR_NAME = AccentColor;
				CODE_SIGN_STYLE = Automatic;
				INFOPLIST_FILE = RamenTimer/Info.plist;
				LD_RUNPATH_SEARCH_PATHS = (
					"$(inherited)",
					"@executable_path/Frameworks",
				);
				PRODUCT_BUNDLE_IDENTIFIER = son.RamenTimer;
				PRODUCT_NAME = "$(TARGET_NAME)";
				SWIFT_VERSION = 5.0;
				TARGETED_DEVICE_FAMILY = "1,2";
			};
			name = Release;
		};
/* End XCBuildConfiguration section */

/* Begin XCConfigurationList section */
		12670DB5267EFAFE00E0C98A /* Build configuration list for PBXProject "RamenTimer" */ = {
			isa = XCConfigurationList;
			buildConfigurations = (
				12670DCC267EFB0000E0C98A /* Debug */,
				12670DCD267EFB0000E0C98A /* Release */,
			);
			defaultConfigurationIsVisible = 0;
			defaultConfigurationName = Release;
		};
		12670DCE267EFB0000E0C98A /* Build configuration list for PBXNativeTarget "RamenTimer" */ = {
			isa = XCConfigurationList;
			buildConfigurations = (
				12670DCF267EFB0000E0C98A /* Debug */,
				12670DD0267EFB0000E0C98A /* Release */,
			);
			defaultConfigurationIsVisible = 0;
			defaultConfigurationName = Release;
		};
/* End XCConfigurationList section */
	};
	rootObject = 12670DB2267EFAFE00E0C98A /* Project object */;
}
